uuid: c3212ba4-77aa-4d04-9b2d-380fefedc890
langcode: en
status: false
dependencies:
  module:
    - lehigh_site_support
    - system
  theme:
    - lehigh
id: lehigh_lehighsitectablock
theme: lehigh
region: title
weight: -16
provider: null
plugin: lehigh_site_cta_block
settings:
  id: lehigh_site_cta_block
  label: 'lehigh Site CTA Block'
  label_display: '0'
  provider: lehigh_site_support
visibility:
  request_path:
    id: request_path
    negate: false
    pages: '<front>'
