uuid: 621f25bc-5369-46c8-b86e-f4b0b8354504
langcode: en
status: true
dependencies:
  module:
    - advanced_search
    - context
    - islandora
  theme:
    - seven
id: seven_solrsearchcontentsearchresultspagerforblock
theme: seven
region: content
weight: -10
provider: null
plugin: 'advanced_search_result_pager:solr_search_content__block_1'
settings:
  id: 'advanced_search_result_pager:solr_search_content__block_1'
  label: 'Solr search content: Search Results Pager for Block'
  label_display: '0'
  provider: advanced_search
visibility:
  context_all:
    id: context_all
    negate: null
    values: collection
  media_source_mimetype:
    id: media_source_mimetype
    negate: false
    context_mapping: {  }
    mimetype: ''
